
Microsoft Visual Studio Solution File, Format Version 12.00
# Visual Studio Version 17
VisualStudioVersion = 17.0.31903.59
MinimumVisualStudioVersion = 10.0.40219.1
Project("{2150E333-8FDC-42A3-9474-1A3956D46DE8}") = "src", "src", "{827E0CD3-B72D-47B6-A68D-7590B98EB39B}"
EndProject
Project("{2150E333-8FDC-42A3-9474-1A3956D46DE8}") = "ProposalService", "ProposalService", "{65C5F658-0E6D-5D82-619A-85D9F4E3BEAF}"
EndProject
Project("{FAE04EC0-301F-11D3-BF4B-00C04F79EFBC}") = "ProposalService.API", "src\ProposalService\API\ProposalService.API.csproj", "{4D359313-1B85-4B05-B2AC-D1E7BE402E33}"
EndProject
Project("{FAE04EC0-301F-11D3-BF4B-00C04F79EFBC}") = "ProposalService.Application", "src\ProposalService\Application\ProposalService.Application.csproj", "{EA1A084C-94C9-4132-85B7-6302918B2A43}"
EndProject
Project("{FAE04EC0-301F-11D3-BF4B-00C04F79EFBC}") = "ProposalService.Domain", "src\ProposalService\Domain\ProposalService.Domain.csproj", "{E946E2B7-E7CC-4C4F-AEB5-05350488DC62}"
EndProject
Project("{FAE04EC0-301F-11D3-BF4B-00C04F79EFBC}") = "ProposalService.Infrastructure", "src\ProposalService\Infrastructure\ProposalService.Infrastructure.csproj", "{AA4D68D8-A84D-433F-88CB-752AFCF64225}"
EndProject
Project("{FAE04EC0-301F-11D3-BF4B-00C04F79EFBC}") = "ContractService.API", "src\ContractService\API\ContractService.API.csproj", "{75AD01B8-4A34-45DC-A281-914CA2CD2BC1}"
EndProject
Project("{FAE04EC0-301F-11D3-BF4B-00C04F79EFBC}") = "ContractService.Application", "src\ContractService\Application\ContractService.Application.csproj", "{025EF40B-83FB-488C-BCD1-9E29B5E95926}"
EndProject
Project("{FAE04EC0-301F-11D3-BF4B-00C04F79EFBC}") = "ContractService.Domain", "src\ContractService\Domain\ContractService.Domain.csproj", "{BA3BEAA2-9BA8-41E7-B3C8-B9706FBE2CE6}"
EndProject
Project("{FAE04EC0-301F-11D3-BF4B-00C04F79EFBC}") = "ContractService.Infrastructure", "src\ContractService\Infrastructure\ContractService.Infrastructure.csproj", "{05B7EDB8-9449-437D-BDA6-A6EED6AAF363}"
EndProject
Project("{FAE04EC0-301F-11D3-BF4B-00C04F79EFBC}") = "ProposalService.Tests", "tests\ProposalService.Tests\ProposalService.Tests.csproj", "{A8089522-C351-4591-9FC8-931866A1C01C}"
EndProject
Project("{FAE04EC0-301F-11D3-BF4B-00C04F79EFBC}") = "ContractService.Tests", "tests\ContractService.Tests\ContractService.Tests.csproj", "{EDE2E72D-3878-43D6-B884-4C3807E269E1}"
EndProject
Project("{2150E333-8FDC-42A3-9474-1A3956D46DE8}") = "ContractService", "ContractService", "{02EA681E-C7D8-13C7-8484-4AC65E1B71E8}"
EndProject
Project("{2150E333-8FDC-42A3-9474-1A3956D46DE8}") = "tests", "tests", "{DB96E45D-6EF8-49D3-AF11-F966B022B9D2}"
EndProject
Global
	GlobalSection(SolutionConfigurationPlatforms) = preSolution
		Debug|Any CPU = Debug|Any CPU
		Debug|x64 = Debug|x64
		Debug|x86 = Debug|x86
		Release|Any CPU = Release|Any CPU
		Release|x64 = Release|x64
		Release|x86 = Release|x86
	EndGlobalSection
	GlobalSection(ProjectConfigurationPlatforms) = postSolution
		{4D359313-1B85-4B05-B2AC-D1E7BE402E33}.Debug|Any CPU.ActiveCfg = Debug|Any CPU
		{4D359313-1B85-4B05-B2AC-D1E7BE402E33}.Debug|Any CPU.Build.0 = Debug|Any CPU
		{4D359313-1B85-4B05-B2AC-D1E7BE402E33}.Debug|x64.ActiveCfg = Debug|Any CPU
		{4D359313-1B85-4B05-B2AC-D1E7BE402E33}.Debug|x64.Build.0 = Debug|Any CPU
		{4D359313-1B85-4B05-B2AC-D1E7BE402E33}.Debug|x86.ActiveCfg = Debug|Any CPU
		{4D359313-1B85-4B05-B2AC-D1E7BE402E33}.Debug|x86.Build.0 = Debug|Any CPU
		{4D359313-1B85-4B05-B2AC-D1E7BE402E33}.Release|Any CPU.ActiveCfg = Release|Any CPU
		{4D359313-1B85-4B05-B2AC-D1E7BE402E33}.Release|Any CPU.Build.0 = Release|Any CPU
		{4D359313-1B85-4B05-B2AC-D1E7BE402E33}.Release|x64.ActiveCfg = Release|Any CPU
		{4D359313-1B85-4B05-B2AC-D1E7BE402E33}.Release|x64.Build.0 = Release|Any CPU
		{4D359313-1B85-4B05-B2AC-D1E7BE402E33}.Release|x86.ActiveCfg = Release|Any CPU
		{4D359313-1B85-4B05-B2AC-D1E7BE402E33}.Release|x86.Build.0 = Release|Any CPU
		{EA1A084C-94C9-4132-85B7-6302918B2A43}.Debug|Any CPU.ActiveCfg = Debug|Any CPU
		{EA1A084C-94C9-4132-85B7-6302918B2A43}.Debug|Any CPU.Build.0 = Debug|Any CPU
		{EA1A084C-94C9-4132-85B7-6302918B2A43}.Debug|x64.ActiveCfg = Debug|Any CPU
		{EA1A084C-94C9-4132-85B7-6302918B2A43}.Debug|x64.Build.0 = Debug|Any CPU
		{EA1A084C-94C9-4132-85B7-6302918B2A43}.Debug|x86.ActiveCfg = Debug|Any CPU
		{EA1A084C-94C9-4132-85B7-6302918B2A43}.Debug|x86.Build.0 = Debug|Any CPU
		{EA1A084C-94C9-4132-85B7-6302918B2A43}.Release|Any CPU.ActiveCfg = Release|Any CPU
		{EA1A084C-94C9-4132-85B7-6302918B2A43}.Release|Any CPU.Build.0 = Release|Any CPU
		{EA1A084C-94C9-4132-85B7-6302918B2A43}.Release|x64.ActiveCfg = Release|Any CPU
		{EA1A084C-94C9-4132-85B7-6302918B2A43}.Release|x64.Build.0 = Release|Any CPU
		{EA1A084C-94C9-4132-85B7-6302918B2A43}.Release|x86.ActiveCfg = Release|Any CPU
		{EA1A084C-94C9-4132-85B7-6302918B2A43}.Release|x86.Build.0 = Release|Any CPU
		{E946E2B7-E7CC-4C4F-AEB5-05350488DC62}.Debug|Any CPU.ActiveCfg = Debug|Any CPU
		{E946E2B7-E7CC-4C4F-AEB5-05350488DC62}.Debug|Any CPU.Build.0 = Debug|Any CPU
		{E946E2B7-E7CC-4C4F-AEB5-05350488DC62}.Debug|x64.ActiveCfg = Debug|Any CPU
		{E946E2B7-E7CC-4C4F-AEB5-05350488DC62}.Debug|x64.Build.0 = Debug|Any CPU
		{E946E2B7-E7CC-4C4F-AEB5-05350488DC62}.Debug|x86.ActiveCfg = Debug|Any CPU
		{E946E2B7-E7CC-4C4F-AEB5-05350488DC62}.Debug|x86.Build.0 = Debug|Any CPU
		{E946E2B7-E7CC-4C4F-AEB5-05350488DC62}.Release|Any CPU.ActiveCfg = Release|Any CPU
		{E946E2B7-E7CC-4C4F-AEB5-05350488DC62}.Release|Any CPU.Build.0 = Release|Any CPU
		{E946E2B7-E7CC-4C4F-AEB5-05350488DC62}.Release|x64.ActiveCfg = Release|Any CPU
		{E946E2B7-E7CC-4C4F-AEB5-05350488DC62}.Release|x64.Build.0 = Release|Any CPU
		{E946E2B7-E7CC-4C4F-AEB5-05350488DC62}.Release|x86.ActiveCfg = Release|Any CPU
		{E946E2B7-E7CC-4C4F-AEB5-05350488DC62}.Release|x86.Build.0 = Release|Any CPU
		{AA4D68D8-A84D-433F-88CB-752AFCF64225}.Debug|Any CPU.ActiveCfg = Debug|Any CPU
		{AA4D68D8-A84D-433F-88CB-752AFCF64225}.Debug|Any CPU.Build.0 = Debug|Any CPU
		{AA4D68D8-A84D-433F-88CB-752AFCF64225}.Debug|x64.ActiveCfg = Debug|Any CPU
		{AA4D68D8-A84D-433F-88CB-752AFCF64225}.Debug|x64.Build.0 = Debug|Any CPU
		{AA4D68D8-A84D-433F-88CB-752AFCF64225}.Debug|x86.ActiveCfg = Debug|Any CPU
		{AA4D68D8-A84D-433F-88CB-752AFCF64225}.Debug|x86.Build.0 = Debug|Any CPU
		{AA4D68D8-A84D-433F-88CB-752AFCF64225}.Release|Any CPU.ActiveCfg = Release|Any CPU
		{AA4D68D8-A84D-433F-88CB-752AFCF64225}.Release|Any CPU.Build.0 = Release|Any CPU
		{AA4D68D8-A84D-433F-88CB-752AFCF64225}.Release|x64.ActiveCfg = Release|Any CPU
		{AA4D68D8-A84D-433F-88CB-752AFCF64225}.Release|x64.Build.0 = Release|Any CPU
		{AA4D68D8-A84D-433F-88CB-752AFCF64225}.Release|x86.ActiveCfg = Release|Any CPU
		{AA4D68D8-A84D-433F-88CB-752AFCF64225}.Release|x86.Build.0 = Release|Any CPU
		{75AD01B8-4A34-45DC-A281-914CA2CD2BC1}.Debug|Any CPU.ActiveCfg = Debug|Any CPU
		{75AD01B8-4A34-45DC-A281-914CA2CD2BC1}.Debug|Any CPU.Build.0 = Debug|Any CPU
		{75AD01B8-4A34-45DC-A281-914CA2CD2BC1}.Debug|x64.ActiveCfg = Debug|Any CPU
		{75AD01B8-4A34-45DC-A281-914CA2CD2BC1}.Debug|x64.Build.0 = Debug|Any CPU
		{75AD01B8-4A34-45DC-A281-914CA2CD2BC1}.Debug|x86.ActiveCfg = Debug|Any CPU
		{75AD01B8-4A34-45DC-A281-914CA2CD2BC1}.Debug|x86.Build.0 = Debug|Any CPU
		{75AD01B8-4A34-45DC-A281-914CA2CD2BC1}.Release|Any CPU.ActiveCfg = Release|Any CPU
		{75AD01B8-4A34-45DC-A281-914CA2CD2BC1}.Release|Any CPU.Build.0 = Release|Any CPU
		{75AD01B8-4A34-45DC-A281-914CA2CD2BC1}.Release|x64.ActiveCfg = Release|Any CPU
		{75AD01B8-4A34-45DC-A281-914CA2CD2BC1}.Release|x64.Build.0 = Release|Any CPU
		{75AD01B8-4A34-45DC-A281-914CA2CD2BC1}.Release|x86.ActiveCfg = Release|Any CPU
		{75AD01B8-4A34-45DC-A281-914CA2CD2BC1}.Release|x86.Build.0 = Release|Any CPU
		{025EF40B-83FB-488C-BCD1-9E29B5E95926}.Debug|Any CPU.ActiveCfg = Debug|Any CPU
		{025EF40B-83FB-488C-BCD1-9E29B5E95926}.Debug|Any CPU.Build.0 = Debug|Any CPU
		{025EF40B-83FB-488C-BCD1-9E29B5E95926}.Debug|x64.ActiveCfg = Debug|Any CPU
		{025EF40B-83FB-488C-BCD1-9E29B5E95926}.Debug|x64.Build.0 = Debug|Any CPU
		{025EF40B-83FB-488C-BCD1-9E29B5E95926}.Debug|x86.ActiveCfg = Debug|Any CPU
		{025EF40B-83FB-488C-BCD1-9E29B5E95926}.Debug|x86.Build.0 = Debug|Any CPU
		{025EF40B-83FB-488C-BCD1-9E29B5E95926}.Release|Any CPU.ActiveCfg = Release|Any CPU
		{025EF40B-83FB-488C-BCD1-9E29B5E95926}.Release|Any CPU.Build.0 = Release|Any CPU
		{025EF40B-83FB-488C-BCD1-9E29B5E95926}.Release|x64.ActiveCfg = Release|Any CPU
		{025EF40B-83FB-488C-BCD1-9E29B5E95926}.Release|x64.Build.0 = Release|Any CPU
		{025EF40B-83FB-488C-BCD1-9E29B5E95926}.Release|x86.ActiveCfg = Release|Any CPU
		{025EF40B-83FB-488C-BCD1-9E29B5E95926}.Release|x86.Build.0 = Release|Any CPU
		{BA3BEAA2-9BA8-41E7-B3C8-B9706FBE2CE6}.Debug|Any CPU.ActiveCfg = Debug|Any CPU
		{BA3BEAA2-9BA8-41E7-B3C8-B9706FBE2CE6}.Debug|Any CPU.Build.0 = Debug|Any CPU
		{BA3BEAA2-9BA8-41E7-B3C8-B9706FBE2CE6}.Debug|x64.ActiveCfg = Debug|Any CPU
		{BA3BEAA2-9BA8-41E7-B3C8-B9706FBE2CE6}.Debug|x64.Build.0 = Debug|Any CPU
		{BA3BEAA2-9BA8-41E7-B3C8-B9706FBE2CE6}.Debug|x86.ActiveCfg = Debug|Any CPU
		{BA3BEAA2-9BA8-41E7-B3C8-B9706FBE2CE6}.Debug|x86.Build.0 = Debug|Any CPU
		{BA3BEAA2-9BA8-41E7-B3C8-B9706FBE2CE6}.Release|Any CPU.ActiveCfg = Release|Any CPU
		{BA3BEAA2-9BA8-41E7-B3C8-B9706FBE2CE6}.Release|Any CPU.Build.0 = Release|Any CPU
		{BA3BEAA2-9BA8-41E7-B3C8-B9706FBE2CE6}.Release|x64.ActiveCfg = Release|Any CPU
		{BA3BEAA2-9BA8-41E7-B3C8-B9706FBE2CE6}.Release|x64.Build.0 = Release|Any CPU
		{BA3BEAA2-9BA8-41E7-B3C8-B9706FBE2CE6}.Release|x86.ActiveCfg = Release|Any CPU
		{BA3BEAA2-9BA8-41E7-B3C8-B9706FBE2CE6}.Release|x86.Build.0 = Release|Any CPU
		{05B7EDB8-9449-437D-BDA6-A6EED6AAF363}.Debug|Any CPU.ActiveCfg = Debug|Any CPU
		{05B7EDB8-9449-437D-BDA6-A6EED6AAF363}.Debug|Any CPU.Build.0 = Debug|Any CPU
		{05B7EDB8-9449-437D-BDA6-A6EED6AAF363}.Debug|x64.ActiveCfg = Debug|Any CPU
		{05B7EDB8-9449-437D-BDA6-A6EED6AAF363}.Debug|x64.Build.0 = Debug|Any CPU
		{05B7EDB8-9449-437D-BDA6-A6EED6AAF363}.Debug|x86.ActiveCfg = Debug|Any CPU
		{05B7EDB8-9449-437D-BDA6-A6EED6AAF363}.Debug|x86.Build.0 = Debug|Any CPU
		{05B7EDB8-9449-437D-BDA6-A6EED6AAF363}.Release|Any CPU.ActiveCfg = Release|Any CPU
		{05B7EDB8-9449-437D-BDA6-A6EED6AAF363}.Release|Any CPU.Build.0 = Release|Any CPU
		{05B7EDB8-9449-437D-BDA6-A6EED6AAF363}.Release|x64.ActiveCfg = Release|Any CPU
		{05B7EDB8-9449-437D-BDA6-A6EED6AAF363}.Release|x64.Build.0 = Release|Any CPU
		{05B7EDB8-9449-437D-BDA6-A6EED6AAF363}.Release|x86.ActiveCfg = Release|Any CPU
		{05B7EDB8-9449-437D-BDA6-A6EED6AAF363}.Release|x86.Build.0 = Release|Any CPU
		{A8089522-C351-4591-9FC8-931866A1C01C}.Debug|Any CPU.ActiveCfg = Debug|Any CPU
		{A8089522-C351-4591-9FC8-931866A1C01C}.Debug|Any CPU.Build.0 = Debug|Any CPU
		{A8089522-C351-4591-9FC8-931866A1C01C}.Debug|x64.ActiveCfg = Debug|Any CPU
		{A8089522-C351-4591-9FC8-931866A1C01C}.Debug|x64.Build.0 = Debug|Any CPU
		{A8089522-C351-4591-9FC8-931866A1C01C}.Debug|x86.ActiveCfg = Debug|Any CPU
		{A8089522-C351-4591-9FC8-931866A1C01C}.Debug|x86.Build.0 = Debug|Any CPU
		{A8089522-C351-4591-9FC8-931866A1C01C}.Release|Any CPU.ActiveCfg = Release|Any CPU
		{A8089522-C351-4591-9FC8-931866A1C01C}.Release|Any CPU.Build.0 = Release|Any CPU
		{A8089522-C351-4591-9FC8-931866A1C01C}.Release|x64.ActiveCfg = Release|Any CPU
		{A8089522-C351-4591-9FC8-931866A1C01C}.Release|x64.Build.0 = Release|Any CPU
		{A8089522-C351-4591-9FC8-931866A1C01C}.Release|x86.ActiveCfg = Release|Any CPU
		{A8089522-C351-4591-9FC8-931866A1C01C}.Release|x86.Build.0 = Release|Any CPU
		{EDE2E72D-3878-43D6-B884-4C3807E269E1}.Debug|Any CPU.ActiveCfg = Debug|Any CPU
		{EDE2E72D-3878-43D6-B884-4C3807E269E1}.Debug|Any CPU.Build.0 = Debug|Any CPU
		{EDE2E72D-3878-43D6-B884-4C3807E269E1}.Debug|x64.ActiveCfg = Debug|Any CPU
		{EDE2E72D-3878-43D6-B884-4C3807E269E1}.Debug|x64.Build.0 = Debug|Any CPU
		{EDE2E72D-3878-43D6-B884-4C3807E269E1}.Debug|x86.ActiveCfg = Debug|Any CPU
		{EDE2E72D-3878-43D6-B884-4C3807E269E1}.Debug|x86.Build.0 = Debug|Any CPU
		{EDE2E72D-3878-43D6-B884-4C3807E269E1}.Release|Any CPU.ActiveCfg = Release|Any CPU
		{EDE2E72D-3878-43D6-B884-4C3807E269E1}.Release|Any CPU.Build.0 = Release|Any CPU
		{EDE2E72D-3878-43D6-B884-4C3807E269E1}.Release|x64.ActiveCfg = Release|Any CPU
		{EDE2E72D-3878-43D6-B884-4C3807E269E1}.Release|x64.Build.0 = Release|Any CPU
		{EDE2E72D-3878-43D6-B884-4C3807E269E1}.Release|x86.ActiveCfg = Release|Any CPU
		{EDE2E72D-3878-43D6-B884-4C3807E269E1}.Release|x86.Build.0 = Release|Any CPU
	EndGlobalSection
	GlobalSection(SolutionProperties) = preSolution
		HideSolutionNode = FALSE
	EndGlobalSection
	GlobalSection(NestedProjects) = preSolution
		{65C5F658-0E6D-5D82-619A-85D9F4E3BEAF} = {827E0CD3-B72D-47B6-A68D-7590B98EB39B}
		{4D359313-1B85-4B05-B2AC-D1E7BE402E33} = {65C5F658-0E6D-5D82-619A-85D9F4E3BEAF}
		{EA1A084C-94C9-4132-85B7-6302918B2A43} = {65C5F658-0E6D-5D82-619A-85D9F4E3BEAF}
		{E946E2B7-E7CC-4C4F-AEB5-05350488DC62} = {65C5F658-0E6D-5D82-619A-85D9F4E3BEAF}
		{AA4D68D8-A84D-433F-88CB-752AFCF64225} = {65C5F658-0E6D-5D82-619A-85D9F4E3BEAF}
		{75AD01B8-4A34-45DC-A281-914CA2CD2BC1} = {02EA681E-C7D8-13C7-8484-4AC65E1B71E8}
		{025EF40B-83FB-488C-BCD1-9E29B5E95926} = {02EA681E-C7D8-13C7-8484-4AC65E1B71E8}
		{BA3BEAA2-9BA8-41E7-B3C8-B9706FBE2CE6} = {02EA681E-C7D8-13C7-8484-4AC65E1B71E8}
		{05B7EDB8-9449-437D-BDA6-A6EED6AAF363} = {02EA681E-C7D8-13C7-8484-4AC65E1B71E8}
		{A8089522-C351-4591-9FC8-931866A1C01C} = {DB96E45D-6EF8-49D3-AF11-F966B022B9D2}
		{EDE2E72D-3878-43D6-B884-4C3807E269E1} = {DB96E45D-6EF8-49D3-AF11-F966B022B9D2}
		{02EA681E-C7D8-13C7-8484-4AC65E1B71E8} = {827E0CD3-B72D-47B6-A68D-7590B98EB39B}
	EndGlobalSection
	GlobalSection(ExtensibilityGlobals) = postSolution
		SolutionGuid = {880220A3-7DF5-4E92-91BF-20D9A986806A}
	EndGlobalSection
EndGlobal
